
Microsoft Visual Studio Solution File, Format Version 12.00
# Visual Studio 15
VisualStudioVersion = 15.0.28010.2046
MinimumVisualStudioVersion = 10.0.40219.1
Project("{9A19103F-16F7-4668-BE54-9A1E7A4F7556}") = "Translator", "Translator\Translator.csproj", "{EA7EF941-B677-4C6E-A26B-DEC487642608}"
EndProject
Project("{FAE04EC0-301F-11D3-BF4B-00C04F79EFBC}") = "Translator.Android", "Translator.Android\Translator.Android.csproj", "{618F2A95-ACB3-41CF-98A9-EC40246E4446}"
EndProject
Global
	GlobalSection(SolutionConfigurationPlatforms) = preSolution
		Debug|Any CPU = Debug|Any CPU
		Release|Any CPU = Release|Any CPU
	EndGlobalSection
	GlobalSection(ProjectConfigurationPlatforms) = postSolution
		{EA7EF941-B677-4C6E-A26B-DEC487642608}.Debug|Any CPU.ActiveCfg = Debug|Any CPU
		{EA7EF941-B677-4C6E-A26B-DEC487642608}.Debug|Any CPU.Build.0 = Debug|Any CPU
		{EA7EF941-B677-4C6E-A26B-DEC487642608}.Release|Any CPU.ActiveCfg = Release|Any CPU
		{EA7EF941-B677-4C6E-A26B-DEC487642608}.Release|Any CPU.Build.0 = Release|Any CPU
		{618F2A95-ACB3-41CF-98A9-EC40246E4446}.Debug|Any CPU.ActiveCfg = Debug|Any CPU
		{618F2A95-ACB3-41CF-98A9-EC40246E4446}.Debug|Any CPU.Build.0 = Debug|Any CPU
		{618F2A95-ACB3-41CF-98A9-EC40246E4446}.Debug|Any CPU.Deploy.0 = Debug|Any CPU
		{618F2A95-ACB3-41CF-98A9-EC40246E4446}.Release|Any CPU.ActiveCfg = Release|Any CPU
		{618F2A95-ACB3-41CF-98A9-EC40246E4446}.Release|Any CPU.Build.0 = Release|Any CPU
		{618F2A95-ACB3-41CF-98A9-EC40246E4446}.Release|Any CPU.Deploy.0 = Release|Any CPU
	EndGlobalSection
	GlobalSection(SolutionProperties) = preSolution
		HideSolutionNode = FALSE
	EndGlobalSection
	GlobalSection(ExtensibilityGlobals) = postSolution
		SolutionGuid = {487885DD-E510-4DC1-862C-B0B3675BEAD3}
	EndGlobalSection
EndGlobal
